#MicroXplorer Configuration settings - do not modify
Mcu.Family=STM32F1
ProjectManager.MainLocation=Core/Src
RCC.MCOFreq_Value=8000000
ProjectManager.ProjectFileName=temperatureControl.ioc
PD1-OSC_OUT.Mode=HSE-External-Oscillator
ADC1.Channel-4\#ChannelRegularConversion=ADC_CHANNEL_7
ProjectManager.KeepUserCode=true
Mcu.UserName=STM32F103C6Tx
Mcu.PinsNb=12
ProjectManager.NoMain=false
ADC1.IPParameters=Rank-4\#ChannelRegularConversion,master,Channel-4\#ChannelRegularConversion,SamplingTime-4\#ChannelRegularConversion,NbrOfConversionFlag
RCC.PLLCLKFreq_Value=8000000
ProjectManager.functionlistsort=1-MX_GPIO_Init-GPIO-false-HAL-true,2-SystemClock_Config-RCC-false-HAL-false,3-MX_ADC1_Init-ADC1-false-HAL-true
RCC.ADCFreqValue=4000000
ProjectManager.DefaultFWLocation=true
PD0-OSC_IN.Signal=RCC_OSC_IN
PB12.Locked=true
ProjectManager.DeletePrevious=true
PB14.Locked=true
VP_SYS_VS_ND.Mode=No_Debug
PB15.Signal=GPIO_Output
PB13.Signal=GPIO_Output
PinOutPanel.RotationAngle=0
RCC.FamilyName=M
ProjectManager.StackSize=0x400
PD1-OSC_OUT.Locked=true
PD1-OSC_OUT.Signal=RCC_OSC_OUT
RCC.FCLKCortexFreq_Value=8000000
Mcu.IP2=RCC
NVIC.SVCall_IRQn=true\:0\:0\:false\:false\:true\:false\:false
Mcu.IP3=SYS
Mcu.IP0=ADC1
PA12.Locked=true
Mcu.IP1=NVIC
PA12.Signal=GPIO_Output
Mcu.UserConstants=
ProjectManager.TargetToolchain=STM32CubeIDE
Mcu.ThirdPartyNb=0
SH.ADCx_IN7.0=ADC1_IN7,IN7
RCC.HCLKFreq_Value=8000000
Mcu.IPNb=4
ProjectManager.PreviousToolchain=
RCC.APB2TimFreq_Value=8000000
SH.ADCx_IN7.ConfNb=1
Mcu.Pin6=PB15
Mcu.Pin7=PA12
ProjectManager.RegisterCallBack=
Mcu.Pin8=PB3
RCC.USBFreq_Value=8000000
Mcu.Pin9=PB4
RCC.AHBFreq_Value=8000000
PB13.Locked=true
Mcu.Pin0=PD0-OSC_IN
Mcu.Pin1=PD1-OSC_OUT
Mcu.Pin2=PA7
PD0-OSC_IN.Mode=HSE-External-Oscillator
Mcu.Pin3=PB12
Mcu.Pin4=PB13
PB14.Signal=GPIO_Output
Mcu.Pin5=PB14
ProjectManager.ProjectBuild=false
NVIC.UsageFault_IRQn=true\:0\:0\:false\:false\:true\:false\:false
NVIC.DebugMonitor_IRQn=true\:0\:0\:false\:false\:true\:false\:false
board=custom
NVIC.SysTick_IRQn=true\:0\:0\:false\:false\:true\:false\:true
ProjectManager.LastFirmware=true
RCC.VCOOutput2Freq_Value=4000000
ProjectManager.FirmwarePackage=STM32Cube FW_F1 V1.8.3
ADC1.SamplingTime-4\#ChannelRegularConversion=ADC_SAMPLETIME_1CYCLE_5
MxDb.Version=DB.6.0.20
RCC.APB2Freq_Value=8000000
ProjectManager.BackupPrevious=false
MxCube.Version=6.2.0
File.Version=6
VP_SYS_VS_Systick.Mode=SysTick
VP_SYS_VS_ND.Signal=SYS_VS_ND
NVIC.NonMaskableInt_IRQn=true\:0\:0\:false\:false\:true\:false\:false
NVIC.PendSV_IRQn=true\:0\:0\:false\:false\:true\:false\:false
ProjectManager.FreePins=false
RCC.IPParameters=ADCFreqValue,AHBFreq_Value,APB1Freq_Value,APB1TimFreq_Value,APB2Freq_Value,APB2TimFreq_Value,FCLKCortexFreq_Value,FamilyName,HCLKFreq_Value,MCOFreq_Value,PLLCLKFreq_Value,PLLMCOFreq_Value,SYSCLKFreq_VALUE,TimSysFreq_Value,USBFreq_Value,VCOOutput2Freq_Value
ProjectManager.AskForMigrate=true
Mcu.Name=STM32F103C(4-6)Tx
ProjectManager.HalAssertFull=false
ProjectManager.ProjectName=temperatureControl
ProjectManager.UnderRoot=true
RCC.PLLMCOFreq_Value=4000000
ProjectManager.CoupleFile=false
PB4.Locked=true
PB3.Signal=GPIO_Output
RCC.SYSCLKFreq_VALUE=8000000
Mcu.Package=LQFP48
RCC.TimSysFreq_Value=8000000
ADC1.master=1
PA7.Locked=true
NVIC.ForceEnableDMAVector=true
KeepUserPlacement=false
NVIC.MemoryManagement_IRQn=true\:0\:0\:false\:false\:true\:false\:false
ProjectManager.CompilerOptimize=6
ProjectManager.ToolChainLocation=
VP_SYS_VS_Systick.Signal=SYS_VS_Systick
ProjectManager.HeapSize=0x200
NVIC.HardFault_IRQn=true\:0\:0\:false\:false\:true\:false\:false
ProjectManager.ComputerToolchain=false
NVIC.PriorityGroup=NVIC_PRIORITYGROUP_4
ADC1.NbrOfConversionFlag=1
Mcu.Pin11=VP_SYS_VS_Systick
Mcu.Pin10=VP_SYS_VS_ND
RCC.APB1TimFreq_Value=8000000
NVIC.BusFault_IRQn=true\:0\:0\:false\:false\:true\:false\:false
RCC.APB1Freq_Value=8000000
PD0-OSC_IN.Locked=true
ProjectManager.CustomerFirmwarePackage=
ProjectManager.DeviceId=STM32F103C6Tx
PB12.Signal=GPIO_Output
ProjectManager.LibraryCopy=1
ADC1.Rank-4\#ChannelRegularConversion=1
PB4.Signal=GPIO_Output
PB3.Locked=true
PB15.Locked=true
PA7.Signal=ADCx_IN7
isbadioc=false
